
Microsoft Visual Studio Solution File, Format Version 12.00
Project("{FAE04EC0-301F-11D3-BF4B-00C04F79EFBC}") = "SingletonPattern", "SingletonPattern\SingletonPattern.csproj", "{89999EFB-08B7-4425-9A58-550AA4700A3A}"
EndProject
Project("{FAE04EC0-301F-11D3-BF4B-00C04F79EFBC}") = "BuilderPattern", "BuilderPattern\BuilderPattern.csproj", "{64B369A0-6596-4194-BF05-6BA4FB4E79DC}"
EndProject
Project("{FAE04EC0-301F-11D3-BF4B-00C04F79EFBC}") = "DecoratorPattern", "DecoratorPattern\DecoratorPattern.csproj", "{9CA28519-B17B-4509-B395-72071FB28AD8}"
EndProject
Project("{FAE04EC0-301F-11D3-BF4B-00C04F79EFBC}") = "ChainOfResponsibilityPattern", "ChainOfResponsibilityPattern\ChainOfResponsibilityPattern.csproj", "{844B8A0E-0F26-486C-A4DA-CF9EE28156B8}"
EndProject
Project("{FAE04EC0-301F-11D3-BF4B-00C04F79EFBC}") = "CompositePattern", "CompositePattern\CompositePattern.csproj", "{B80E0317-7A3B-4499-A489-4CC51666F25A}"
EndProject
Global
	GlobalSection(SolutionConfigurationPlatforms) = preSolution
		Debug|Any CPU = Debug|Any CPU
		Release|Any CPU = Release|Any CPU
	EndGlobalSection
	GlobalSection(ProjectConfigurationPlatforms) = postSolution
		{89999EFB-08B7-4425-9A58-550AA4700A3A}.Debug|Any CPU.ActiveCfg = Debug|Any CPU
		{89999EFB-08B7-4425-9A58-550AA4700A3A}.Debug|Any CPU.Build.0 = Debug|Any CPU
		{89999EFB-08B7-4425-9A58-550AA4700A3A}.Release|Any CPU.ActiveCfg = Release|Any CPU
		{89999EFB-08B7-4425-9A58-550AA4700A3A}.Release|Any CPU.Build.0 = Release|Any CPU
		{64B369A0-6596-4194-BF05-6BA4FB4E79DC}.Debug|Any CPU.ActiveCfg = Debug|Any CPU
		{64B369A0-6596-4194-BF05-6BA4FB4E79DC}.Debug|Any CPU.Build.0 = Debug|Any CPU
		{64B369A0-6596-4194-BF05-6BA4FB4E79DC}.Release|Any CPU.ActiveCfg = Release|Any CPU
		{64B369A0-6596-4194-BF05-6BA4FB4E79DC}.Release|Any CPU.Build.0 = Release|Any CPU
		{9CA28519-B17B-4509-B395-72071FB28AD8}.Debug|Any CPU.ActiveCfg = Debug|Any CPU
		{9CA28519-B17B-4509-B395-72071FB28AD8}.Debug|Any CPU.Build.0 = Debug|Any CPU
		{9CA28519-B17B-4509-B395-72071FB28AD8}.Release|Any CPU.ActiveCfg = Release|Any CPU
		{9CA28519-B17B-4509-B395-72071FB28AD8}.Release|Any CPU.Build.0 = Release|Any CPU
		{844B8A0E-0F26-486C-A4DA-CF9EE28156B8}.Debug|Any CPU.ActiveCfg = Debug|Any CPU
		{844B8A0E-0F26-486C-A4DA-CF9EE28156B8}.Debug|Any CPU.Build.0 = Debug|Any CPU
		{844B8A0E-0F26-486C-A4DA-CF9EE28156B8}.Release|Any CPU.ActiveCfg = Release|Any CPU
		{844B8A0E-0F26-486C-A4DA-CF9EE28156B8}.Release|Any CPU.Build.0 = Release|Any CPU
		{B80E0317-7A3B-4499-A489-4CC51666F25A}.Debug|Any CPU.ActiveCfg = Debug|Any CPU
		{B80E0317-7A3B-4499-A489-4CC51666F25A}.Debug|Any CPU.Build.0 = Debug|Any CPU
		{B80E0317-7A3B-4499-A489-4CC51666F25A}.Release|Any CPU.ActiveCfg = Release|Any CPU
		{B80E0317-7A3B-4499-A489-4CC51666F25A}.Release|Any CPU.Build.0 = Release|Any CPU
	EndGlobalSection
EndGlobal
